
Microsoft Visual Studio Solution File, Format Version 12.00
# Visual Studio 2012
Project("{FAE04EC0-301F-11D3-BF4B-00C04F79EFBC}") = "PR07", "PR07\PR07.csproj", "{9567EC98-C723-43DE-9D3A-4572625CBDC2}"
EndProject
Project("{FAE04EC0-301F-11D3-BF4B-00C04F79EFBC}") = "UnitTestRSA", "UnitTestRSA\UnitTestRSA.csproj", "{3D75BE49-6B7E-4B40-89DC-B7007491654F}"
	ProjectSection(ProjectDependencies) = postProject
		{9567EC98-C723-43DE-9D3A-4572625CBDC2} = {9567EC98-C723-43DE-9D3A-4572625CBDC2}
	EndProjectSection
EndProject
Global
	GlobalSection(SolutionConfigurationPlatforms) = preSolution
		Debug|Any CPU = Debug|Any CPU
		Release|Any CPU = Release|Any CPU
	EndGlobalSection
	GlobalSection(ProjectConfigurationPlatforms) = postSolution
		{9567EC98-C723-43DE-9D3A-4572625CBDC2}.Debug|Any CPU.ActiveCfg = Debug|Any CPU
		{9567EC98-C723-43DE-9D3A-4572625CBDC2}.Debug|Any CPU.Build.0 = Debug|Any CPU
		{9567EC98-C723-43DE-9D3A-4572625CBDC2}.Release|Any CPU.ActiveCfg = Release|Any CPU
		{9567EC98-C723-43DE-9D3A-4572625CBDC2}.Release|Any CPU.Build.0 = Release|Any CPU
		{3D75BE49-6B7E-4B40-89DC-B7007491654F}.Debug|Any CPU.ActiveCfg = Debug|Any CPU
		{3D75BE49-6B7E-4B40-89DC-B7007491654F}.Debug|Any CPU.Build.0 = Debug|Any CPU
		{3D75BE49-6B7E-4B40-89DC-B7007491654F}.Release|Any CPU.ActiveCfg = Release|Any CPU
		{3D75BE49-6B7E-4B40-89DC-B7007491654F}.Release|Any CPU.Build.0 = Release|Any CPU
	EndGlobalSection
	GlobalSection(SolutionProperties) = preSolution
		HideSolutionNode = FALSE
	EndGlobalSection
EndGlobal
